
Microsoft Visual Studio Solution File, Format Version 12.00
# Visual Studio Version 16
VisualStudioVersion = 16.0.28803.202
MinimumVisualStudioVersion = 10.0.40219.1
Project("{FAE04EC0-301F-11D3-BF4B-00C04F79EFBC}") = "Tic Tac Toe", "Tic Tac Toe\Tic Tac Toe.csproj", "{2090BB05-F0B0-478E-9877-5CE3780FFF29}"
EndProject
Global
	GlobalSection(SolutionConfigurationPlatforms) = preSolution
		Debug|Any CPU = Debug|Any CPU
		Release|Any CPU = Release|Any CPU
	EndGlobalSection
	GlobalSection(ProjectConfigurationPlatforms) = postSolution
		{2090BB05-F0B0-478E-9877-5CE3780FFF29}.Debug|Any CPU.ActiveCfg = Debug|Any CPU
		{2090BB05-F0B0-478E-9877-5CE3780FFF29}.Debug|Any CPU.Build.0 = Debug|Any CPU
		{2090BB05-F0B0-478E-9877-5CE3780FFF29}.Release|Any CPU.ActiveCfg = Release|Any CPU
		{2090BB05-F0B0-478E-9877-5CE3780FFF29}.Release|Any CPU.Build.0 = Release|Any CPU
	EndGlobalSection
	GlobalSection(SolutionProperties) = preSolution
		HideSolutionNode = FALSE
	EndGlobalSection
	GlobalSection(ExtensibilityGlobals) = postSolution
		SolutionGuid = {AC7A9F95-06BE-4795-907E-135CB464BAB5}
	EndGlobalSection
EndGlobal
