
Microsoft Visual Studio Solution File, Format Version 12.00
# Visual Studio Version 16
VisualStudioVersion = 16.0.28803.202
MinimumVisualStudioVersion = 10.0.40219.1
Project("{FAE04EC0-301F-11D3-BF4B-00C04F79EFBC}") = "TicTacToe2", "TicTacToe2\TicTacToe2.csproj", "{AE246846-3F07-48B7-A4EF-84F77E767A3F}"
EndProject
Global
	GlobalSection(SolutionConfigurationPlatforms) = preSolution
		Debug|Any CPU = Debug|Any CPU
		Release|Any CPU = Release|Any CPU
	EndGlobalSection
	GlobalSection(ProjectConfigurationPlatforms) = postSolution
		{AE246846-3F07-48B7-A4EF-84F77E767A3F}.Debug|Any CPU.ActiveCfg = Debug|Any CPU
		{AE246846-3F07-48B7-A4EF-84F77E767A3F}.Debug|Any CPU.Build.0 = Debug|Any CPU
		{AE246846-3F07-48B7-A4EF-84F77E767A3F}.Release|Any CPU.ActiveCfg = Release|Any CPU
		{AE246846-3F07-48B7-A4EF-84F77E767A3F}.Release|Any CPU.Build.0 = Release|Any CPU
	EndGlobalSection
	GlobalSection(SolutionProperties) = preSolution
		HideSolutionNode = FALSE
	EndGlobalSection
	GlobalSection(ExtensibilityGlobals) = postSolution
		SolutionGuid = {353B4172-94D7-47BD-9058-FF81DA6D918C}
	EndGlobalSection
EndGlobal
